
Microsoft Visual Studio Solution File, Format Version 12.00
# Visual Studio Version 17
VisualStudioVersion = 17.5.002.0
MinimumVisualStudioVersion = 10.0.40219.1
Project("{9A19103F-16F7-4668-BE54-9A1E7A4F7556}") = "PROGRA_PARCIAL", "PROGRA_PARCIAL.csproj", "{20980C28-0424-48A1-B556-E3153472DF22}"
EndProject
Global
	GlobalSection(SolutionConfigurationPlatforms) = preSolution
		Debug|Any CPU = Debug|Any CPU
		Release|Any CPU = Release|Any CPU
	EndGlobalSection
	GlobalSection(ProjectConfigurationPlatforms) = postSolution
		{20980C28-0424-48A1-B556-E3153472DF22}.Debug|Any CPU.ActiveCfg = Debug|Any CPU
		{20980C28-0424-48A1-B556-E3153472DF22}.Debug|Any CPU.Build.0 = Debug|Any CPU
		{20980C28-0424-48A1-B556-E3153472DF22}.Release|Any CPU.ActiveCfg = Release|Any CPU
		{20980C28-0424-48A1-B556-E3153472DF22}.Release|Any CPU.Build.0 = Release|Any CPU
	EndGlobalSection
	GlobalSection(SolutionProperties) = preSolution
		HideSolutionNode = FALSE
	EndGlobalSection
	GlobalSection(ExtensibilityGlobals) = postSolution
		SolutionGuid = {AFDE613E-70D2-4C51-886E-71DD302FFBB0}
	EndGlobalSection
EndGlobal
